
Microsoft Visual Studio Solution File, Format Version 12.00
# Visual Studio 2012
Project("{FAE04EC0-301F-11D3-BF4B-00C04F79EFBC}") = "FSCalendar", "FSCalendar\FSCalendar.csproj", "{C7C85980-124D-4D66-B45B-57614B216F00}"
EndProject
Project("{FAE04EC0-301F-11D3-BF4B-00C04F79EFBC}") = "Sample", "Sample\Sample.csproj", "{7B4C9929-9031-4017-B01D-B3F7ADCDF796}"
EndProject
Global
	GlobalSection(SolutionConfigurationPlatforms) = preSolution
		Debug|Any CPU = Debug|Any CPU
		Release|Any CPU = Release|Any CPU
		Debug|iPhoneSimulator = Debug|iPhoneSimulator
		Release|iPhone = Release|iPhone
		Release|iPhoneSimulator = Release|iPhoneSimulator
		Debug|iPhone = Debug|iPhone
	EndGlobalSection
	GlobalSection(ProjectConfigurationPlatforms) = postSolution
		{C7C85980-124D-4D66-B45B-57614B216F00}.Debug|Any CPU.ActiveCfg = Debug|Any CPU
		{C7C85980-124D-4D66-B45B-57614B216F00}.Debug|Any CPU.Build.0 = Debug|Any CPU
		{C7C85980-124D-4D66-B45B-57614B216F00}.Release|Any CPU.ActiveCfg = Release|Any CPU
		{C7C85980-124D-4D66-B45B-57614B216F00}.Release|Any CPU.Build.0 = Release|Any CPU
		{C7C85980-124D-4D66-B45B-57614B216F00}.Debug|iPhoneSimulator.ActiveCfg = Debug|Any CPU
		{C7C85980-124D-4D66-B45B-57614B216F00}.Debug|iPhoneSimulator.Build.0 = Debug|Any CPU
		{C7C85980-124D-4D66-B45B-57614B216F00}.Release|iPhone.ActiveCfg = Release|Any CPU
		{C7C85980-124D-4D66-B45B-57614B216F00}.Release|iPhone.Build.0 = Release|Any CPU
		{C7C85980-124D-4D66-B45B-57614B216F00}.Release|iPhoneSimulator.ActiveCfg = Release|Any CPU
		{C7C85980-124D-4D66-B45B-57614B216F00}.Release|iPhoneSimulator.Build.0 = Release|Any CPU
		{C7C85980-124D-4D66-B45B-57614B216F00}.Debug|iPhone.ActiveCfg = Debug|Any CPU
		{C7C85980-124D-4D66-B45B-57614B216F00}.Debug|iPhone.Build.0 = Debug|Any CPU
		{7B4C9929-9031-4017-B01D-B3F7ADCDF796}.Debug|Any CPU.ActiveCfg = Debug|iPhoneSimulator
		{7B4C9929-9031-4017-B01D-B3F7ADCDF796}.Debug|Any CPU.Build.0 = Debug|iPhoneSimulator
		{7B4C9929-9031-4017-B01D-B3F7ADCDF796}.Release|Any CPU.ActiveCfg = Release|iPhone
		{7B4C9929-9031-4017-B01D-B3F7ADCDF796}.Release|Any CPU.Build.0 = Release|iPhone
		{7B4C9929-9031-4017-B01D-B3F7ADCDF796}.Debug|iPhoneSimulator.ActiveCfg = Debug|iPhoneSimulator
		{7B4C9929-9031-4017-B01D-B3F7ADCDF796}.Debug|iPhoneSimulator.Build.0 = Debug|iPhoneSimulator
		{7B4C9929-9031-4017-B01D-B3F7ADCDF796}.Release|iPhone.ActiveCfg = Release|iPhone
		{7B4C9929-9031-4017-B01D-B3F7ADCDF796}.Release|iPhone.Build.0 = Release|iPhone
		{7B4C9929-9031-4017-B01D-B3F7ADCDF796}.Release|iPhoneSimulator.ActiveCfg = Release|iPhoneSimulator
		{7B4C9929-9031-4017-B01D-B3F7ADCDF796}.Release|iPhoneSimulator.Build.0 = Release|iPhoneSimulator
		{7B4C9929-9031-4017-B01D-B3F7ADCDF796}.Debug|iPhone.ActiveCfg = Debug|iPhone
		{7B4C9929-9031-4017-B01D-B3F7ADCDF796}.Debug|iPhone.Build.0 = Debug|iPhone
	EndGlobalSection
EndGlobal
